
Microsoft Visual Studio Solution File, Format Version 12.00
# Visual Studio Version 16
VisualStudioVersion = 16.0.29424.173
MinimumVisualStudioVersion = 10.0.40219.1
Project("{2150E333-8FDC-42A3-9474-1A3956D46DE8}") = "ArchClean.Domain", "ArchClean.Domain", "{9D1A1B4E-FBB3-4705-9B3B-01EAAF6AA01D}"
EndProject
Project("{2150E333-8FDC-42A3-9474-1A3956D46DE8}") = "ArchClean.Application", "ArchClean.Application", "{B9FDB0A1-E9EB-4647-815A-59F2F0FB8F49}"
EndProject
Project("{2150E333-8FDC-42A3-9474-1A3956D46DE8}") = "ArchClean.Infra.IoC", "ArchClean.Infra.IoC", "{F0B19134-3CE9-42CF-90D9-05AD53177B58}"
EndProject
Project("{2150E333-8FDC-42A3-9474-1A3956D46DE8}") = "ArchClean.Infra.Data", "ArchClean.Infra.Data", "{1DFB2615-DD6F-4555-9864-9DD20751BBF0}"
EndProject
Project("{2150E333-8FDC-42A3-9474-1A3956D46DE8}") = "ArchClean.UI.Mvc", "ArchClean.UI.Mvc", "{8DCBABCC-5903-4D17-A9F2-F1317DC79A34}"
EndProject
Project("{2150E333-8FDC-42A3-9474-1A3956D46DE8}") = "ArchClean.Web.Api", "ArchClean.Web.Api", "{E90A24A6-50E0-42C0-A724-6FF1CE455E6B}"
EndProject
Project("{FAE04EC0-301F-11D3-BF4B-00C04F79EFBC}") = "ArchClean.Mvc", "ArchClean.Mvc\ArchClean.Mvc.csproj", "{2848B7E6-5DF6-43E4-A68E-ADA59FA2CF4A}"
EndProject
Project("{FAE04EC0-301F-11D3-BF4B-00C04F79EFBC}") = "Clean.Domain", "Clean.Domain\Clean.Domain.csproj", "{0FF2EBCA-A581-4DD7-A92F-2F6E2C2C078B}"
EndProject
Project("{FAE04EC0-301F-11D3-BF4B-00C04F79EFBC}") = "Clean.Infra.Data", "Clean.Infra.Data\Clean.Infra.Data.csproj", "{FB9E7568-E494-4B2D-81B2-F8FD666F706A}"
EndProject
Global
	GlobalSection(SolutionConfigurationPlatforms) = preSolution
		Debug|Any CPU = Debug|Any CPU
		Release|Any CPU = Release|Any CPU
	EndGlobalSection
	GlobalSection(ProjectConfigurationPlatforms) = postSolution
		{2848B7E6-5DF6-43E4-A68E-ADA59FA2CF4A}.Debug|Any CPU.ActiveCfg = Debug|Any CPU
		{2848B7E6-5DF6-43E4-A68E-ADA59FA2CF4A}.Debug|Any CPU.Build.0 = Debug|Any CPU
		{2848B7E6-5DF6-43E4-A68E-ADA59FA2CF4A}.Release|Any CPU.ActiveCfg = Release|Any CPU
		{2848B7E6-5DF6-43E4-A68E-ADA59FA2CF4A}.Release|Any CPU.Build.0 = Release|Any CPU
		{0FF2EBCA-A581-4DD7-A92F-2F6E2C2C078B}.Debug|Any CPU.ActiveCfg = Debug|Any CPU
		{0FF2EBCA-A581-4DD7-A92F-2F6E2C2C078B}.Debug|Any CPU.Build.0 = Debug|Any CPU
		{0FF2EBCA-A581-4DD7-A92F-2F6E2C2C078B}.Release|Any CPU.ActiveCfg = Release|Any CPU
		{0FF2EBCA-A581-4DD7-A92F-2F6E2C2C078B}.Release|Any CPU.Build.0 = Release|Any CPU
		{FB9E7568-E494-4B2D-81B2-F8FD666F706A}.Debug|Any CPU.ActiveCfg = Debug|Any CPU
		{FB9E7568-E494-4B2D-81B2-F8FD666F706A}.Debug|Any CPU.Build.0 = Debug|Any CPU
		{FB9E7568-E494-4B2D-81B2-F8FD666F706A}.Release|Any CPU.ActiveCfg = Release|Any CPU
		{FB9E7568-E494-4B2D-81B2-F8FD666F706A}.Release|Any CPU.Build.0 = Release|Any CPU
	EndGlobalSection
	GlobalSection(SolutionProperties) = preSolution
		HideSolutionNode = FALSE
	EndGlobalSection
	GlobalSection(NestedProjects) = preSolution
		{2848B7E6-5DF6-43E4-A68E-ADA59FA2CF4A} = {8DCBABCC-5903-4D17-A9F2-F1317DC79A34}
		{0FF2EBCA-A581-4DD7-A92F-2F6E2C2C078B} = {9D1A1B4E-FBB3-4705-9B3B-01EAAF6AA01D}
		{FB9E7568-E494-4B2D-81B2-F8FD666F706A} = {1DFB2615-DD6F-4555-9864-9DD20751BBF0}
	EndGlobalSection
	GlobalSection(ExtensibilityGlobals) = postSolution
		SolutionGuid = {E1C06195-E511-43E3-9746-75C218ACC007}
	EndGlobalSection
EndGlobal
